// !$*UTF8*$!
{
	archiveVersion = 1;
	classes = {
	};
	objectVersion = 46;
	objects = {

/* Begin PBXBuildFile section */
		AE904E631E7D9F3B00200F17 /* Cjt_estudiants.cc in Sources */ = {isa = PBXBuildFile; fileRef = AE904E5A1E7D9F3B00200F17 /* Cjt_estudiants.cc */; };
		AE904E641E7D9F3B00200F17 /* Estudiant.cc in Sources */ = {isa = PBXBuildFile; fileRef = AE904E5D1E7D9F3B00200F17 /* Estudiant.cc */; };
		AE904E651E7D9F3B00200F17 /* pro2.cc in Sources */ = {isa = PBXBuildFile; fileRef = AE904E601E7D9F3B00200F17 /* pro2.cc */; };
		AE904E671E7D9F6300200F17 /* solucio.cc in Sources */ = {isa = PBXBuildFile; fileRef = AE904E661E7D9F6300200F17 /* solucio.cc */; };
/* End PBXBuildFile section */

/* Begin PBXCopyFilesBuildPhase section */
		AE904E4D1E7D9EF600200F17 /* CopyFiles */ = {
			isa = PBXCopyFilesBuildPhase;
			buildActionMask = 2147483647;
			dstPath = /usr/share/man/man1/;
			dstSubfolderSpec = 0;
			files = (
			);
			runOnlyForDeploymentPostprocessing = 1;
		};
/* End PBXCopyFilesBuildPhase section */

/* Begin PBXFileReference section */
		AE904E4F1E7D9EF600200F17 /* Repàs Parcial 1 */ = {isa = PBXFileReference; explicitFileType = "compiled.mach-o.executable"; includeInIndex = 0; path = "Repàs Parcial 1"; sourceTree = BUILT_PRODUCTS_DIR; };
		AE904E5A1E7D9F3B00200F17 /* Cjt_estudiants.cc */ = {isa = PBXFileReference; fileEncoding = 4; lastKnownFileType = sourcecode.cpp.cpp; path = Cjt_estudiants.cc; sourceTree = "<group>"; };
		AE904E5B1E7D9F3B00200F17 /* Cjt_estudiants.hh */ = {isa = PBXFileReference; fileEncoding = 4; lastKnownFileType = sourcecode.cpp.h; path = Cjt_estudiants.hh; sourceTree = "<group>"; };
		AE904E5C1E7D9F3B00200F17 /* entrada.txt */ = {isa = PBXFileReference; fileEncoding = 4; lastKnownFileType = text; path = entrada.txt; sourceTree = "<group>"; };
		AE904E5D1E7D9F3B00200F17 /* Estudiant.cc */ = {isa = PBXFileReference; fileEncoding = 4; lastKnownFileType = sourcecode.cpp.cpp; path = Estudiant.cc; sourceTree = "<group>"; };
		AE904E5E1E7D9F3B00200F17 /* Estudiant.hh */ = {isa = PBXFileReference; fileEncoding = 4; lastKnownFileType = sourcecode.cpp.h; path = Estudiant.hh; sourceTree = "<group>"; };
		AE904E5F1E7D9F3B00200F17 /* llegeixme.txt */ = {isa = PBXFileReference; fileEncoding = 4; lastKnownFileType = text; path = llegeixme.txt; sourceTree = "<group>"; };
		AE904E601E7D9F3B00200F17 /* pro2.cc */ = {isa = PBXFileReference; fileEncoding = 4; lastKnownFileType = sourcecode.cpp.cpp; path = pro2.cc; sourceTree = "<group>"; };
		AE904E611E7D9F3B00200F17 /* PRO2Excepcio.hh */ = {isa = PBXFileReference; fileEncoding = 4; lastKnownFileType = sourcecode.cpp.h; path = PRO2Excepcio.hh; sourceTree = "<group>"; };
		AE904E621E7D9F3B00200F17 /* sortida_correcta.txt */ = {isa = PBXFileReference; fileEncoding = 4; lastKnownFileType = text; path = sortida_correcta.txt; sourceTree = "<group>"; };
		AE904E661E7D9F6300200F17 /* solucio.cc */ = {isa = PBXFileReference; fileEncoding = 4; lastKnownFileType = sourcecode.cpp.cpp; path = solucio.cc; sourceTree = "<group>"; };
/* End PBXFileReference section */

/* Begin PBXFrameworksBuildPhase section */
		AE904E4C1E7D9EF600200F17 /* Frameworks */ = {
			isa = PBXFrameworksBuildPhase;
			buildActionMask = 2147483647;
			files = (
			);
			runOnlyForDeploymentPostprocessing = 0;
		};
/* End PBXFrameworksBuildPhase section */

/* Begin PBXGroup section */
		AE904E461E7D9EF500200F17 = {
			isa = PBXGroup;
			children = (
				AE904E591E7D9F0C00200F17 /* X23571 */,
				AE904E501E7D9EF600200F17 /* Products */,
			);
			sourceTree = "<group>";
		};
		AE904E501E7D9EF600200F17 /* Products */ = {
			isa = PBXGroup;
			children = (
				AE904E4F1E7D9EF600200F17 /* Repàs Parcial 1 */,
			);
			name = Products;
			sourceTree = "<group>";
		};
		AE904E591E7D9F0C00200F17 /* X23571 */ = {
			isa = PBXGroup;
			children = (
				AE904E661E7D9F6300200F17 /* solucio.cc */,
				AE904E5A1E7D9F3B00200F17 /* Cjt_estudiants.cc */,
				AE904E5B1E7D9F3B00200F17 /* Cjt_estudiants.hh */,
				AE904E5C1E7D9F3B00200F17 /* entrada.txt */,
				AE904E5D1E7D9F3B00200F17 /* Estudiant.cc */,
				AE904E5E1E7D9F3B00200F17 /* Estudiant.hh */,
				AE904E5F1E7D9F3B00200F17 /* llegeixme.txt */,
				AE904E601E7D9F3B00200F17 /* pro2.cc */,
				AE904E611E7D9F3B00200F17 /* PRO2Excepcio.hh */,
				AE904E621E7D9F3B00200F17 /* sortida_correcta.txt */,
			);
			name = X23571;
			sourceTree = "<group>";
		};
/* End PBXGroup section */

/* Begin PBXNativeTarget section */
		AE904E4E1E7D9EF600200F17 /* Repàs Parcial 1 */ = {
			isa = PBXNativeTarget;
			buildConfigurationList = AE904E561E7D9EF600200F17 /* Build configuration list for PBXNativeTarget "Repàs Parcial 1" */;
			buildPhases = (
				AE904E4B1E7D9EF600200F17 /* Sources */,
				AE904E4C1E7D9EF600200F17 /* Frameworks */,
				AE904E4D1E7D9EF600200F17 /* CopyFiles */,
			);
			buildRules = (
			);
			dependencies = (
			);
			name = "Repàs Parcial 1";
			productName = "Repàs Parcial 1";
			productReference = AE904E4F1E7D9EF600200F17 /* Repàs Parcial 1 */;
			productType = "com.apple.product-type.tool";
		};
/* End PBXNativeTarget section */

/* Begin PBXProject section */
		AE904E471E7D9EF500200F17 /* Project object */ = {
			isa = PBXProject;
			attributes = {
				LastUpgradeCheck = 0820;
				ORGANIZATIONNAME = "Marc Casellas";
				TargetAttributes = {
					AE904E4E1E7D9EF600200F17 = {
						CreatedOnToolsVersion = 8.2.1;
						ProvisioningStyle = Automatic;
					};
				};
			};
			buildConfigurationList = AE904E4A1E7D9EF500200F17 /* Build configuration list for PBXProject "Repàs Parcial 1" */;
			compatibilityVersion = "Xcode 3.2";
			developmentRegion = English;
			hasScannedForEncodings = 0;
			knownRegions = (
				en,
			);
			mainGroup = AE904E461E7D9EF500200F17;
			productRefGroup = AE904E501E7D9EF600200F17 /* Products */;
			projectDirPath = "";
			projectRoot = "";
			targets = (
				AE904E4E1E7D9EF600200F17 /* Repàs Parcial 1 */,
			);
		};
/* End PBXProject section */

/* Begin PBXSourcesBuildPhase section */
		AE904E4B1E7D9EF600200F17 /* Sources */ = {
			isa = PBXSourcesBuildPhase;
			buildActionMask = 2147483647;
			files = (
				AE904E671E7D9F6300200F17 /* solucio.cc in Sources */,
				AE904E641E7D9F3B00200F17 /* Estudiant.cc in Sources */,
				AE904E651E7D9F3B00200F17 /* pro2.cc in Sources */,
				AE904E631E7D9F3B00200F17 /* Cjt_estudiants.cc in Sources */,
			);
			runOnlyForDeploymentPostprocessing = 0;
		};
/* End PBXSourcesBuildPhase section */

/* Begin XCBuildConfiguration section */
		AE904E541E7D9EF600200F17 /* Debug */ = {
			isa = XCBuildConfiguration;
			buildSettings = {
				ALWAYS_SEARCH_USER_PATHS = NO;
				CLANG_ANALYZER_NONNULL = YES;
				CLANG_CXX_LANGUAGE_STANDARD = "gnu++0x";
				CLANG_CXX_LIBRARY = "libc++";
				CLANG_ENABLE_MODULES = YES;
				CLANG_ENABLE_OBJC_ARC = YES;
				CLANG_WARN_BOOL_CONVERSION = YES;
				CLANG_WARN_CONSTANT_CONVERSION = YES;
				CLANG_WARN_DIRECT_OBJC_ISA_USAGE = YES_ERROR;
				CLANG_WARN_DOCUMENTATION_COMMENTS = YES;
				CLANG_WARN_EMPTY_BODY = YES;
				CLANG_WARN_ENUM_CONVERSION = YES;
				CLANG_WARN_INFINITE_RECURSION = YES;
				CLANG_WARN_INT_CONVERSION = YES;
				CLANG_WARN_OBJC_ROOT_CLASS = YES_ERROR;
				CLANG_WARN_SUSPICIOUS_MOVE = YES;
				CLANG_WARN_UNREACHABLE_CODE = YES;
				CLANG_WARN__DUPLICATE_METHOD_MATCH = YES;
				CODE_SIGN_IDENTITY = "-";
				COPY_PHASE_STRIP = NO;
				DEBUG_INFORMATION_FORMAT = dwarf;
				ENABLE_STRICT_OBJC_MSGSEND = YES;
				ENABLE_TESTABILITY = YES;
				GCC_C_LANGUAGE_STANDARD = gnu99;
				GCC_DYNAMIC_NO_PIC = NO;
				GCC_NO_COMMON_BLOCKS = YES;
				GCC_OPTIMIZATION_LEVEL = 0;
				GCC_PREPROCESSOR_DEFINITIONS = (
					"DEBUG=1",
					"$(inherited)",
				);
				GCC_WARN_64_TO_32_BIT_CONVERSION = YES;
				GCC_WARN_ABOUT_RETURN_TYPE = YES_ERROR;
				GCC_WARN_UNDECLARED_SELECTOR = YES;
				GCC_WARN_UNINITIALIZED_AUTOS = YES_AGGRESSIVE;
				GCC_WARN_UNUSED_FUNCTION = YES;
				GCC_WARN_UNUSED_VARIABLE = YES;
				MACOSX_DEPLOYMENT_TARGET = 10.12;
				MTL_ENABLE_DEBUG_INFO = YES;
				ONLY_ACTIVE_ARCH = YES;
				SDKROOT = macosx;
			};
			name = Debug;
		};
		AE904E551E7D9EF600200F17 /* Release */ = {
			isa = XCBuildConfiguration;
			buildSettings = {
				ALWAYS_SEARCH_USER_PATHS = NO;
				CLANG_ANALYZER_NONNULL = YES;
				CLANG_CXX_LANGUAGE_STANDARD = "gnu++0x";
				CLANG_CXX_LIBRARY = "libc++";
				CLANG_ENABLE_MODULES = YES;
				CLANG_ENABLE_OBJC_ARC = YES;
				CLANG_WARN_BOOL_CONVERSION = YES;
				CLANG_WARN_CONSTANT_CONVERSION = YES;
				CLANG_WARN_DIRECT_OBJC_ISA_USAGE = YES_ERROR;
				CLANG_WARN_DOCUMENTATION_COMMENTS = YES;
				CLANG_WARN_EMPTY_BODY = YES;
				CLANG_WARN_ENUM_CONVERSION = YES;
				CLANG_WARN_INFINITE_RECURSION = YES;
				CLANG_WARN_INT_CONVERSION = YES;
				CLANG_WARN_OBJC_ROOT_CLASS = YES_ERROR;
				CLANG_WARN_SUSPICIOUS_MOVE = YES;
				CLANG_WARN_UNREACHABLE_CODE = YES;
				CLANG_WARN__DUPLICATE_METHOD_MATCH = YES;
				CODE_SIGN_IDENTITY = "-";
				COPY_PHASE_STRIP = NO;
				DEBUG_INFORMATION_FORMAT = "dwarf-with-dsym";
				ENABLE_NS_ASSERTIONS = NO;
				ENABLE_STRICT_OBJC_MSGSEND = YES;
				GCC_C_LANGUAGE_STANDARD = gnu99;
				GCC_NO_COMMON_BLOCKS = YES;
				GCC_WARN_64_TO_32_BIT_CONVERSION = YES;
				GCC_WARN_ABOUT_RETURN_TYPE = YES_ERROR;
				GCC_WARN_UNDECLARED_SELECTOR = YES;
				GCC_WARN_UNINITIALIZED_AUTOS = YES_AGGRESSIVE;
				GCC_WARN_UNUSED_FUNCTION = YES;
				GCC_WARN_UNUSED_VARIABLE = YES;
				MACOSX_DEPLOYMENT_TARGET = 10.12;
				MTL_ENABLE_DEBUG_INFO = NO;
				SDKROOT = macosx;
			};
			name = Release;
		};
		AE904E571E7D9EF600200F17 /* Debug */ = {
			isa = XCBuildConfiguration;
			buildSettings = {
				PRODUCT_NAME = "$(TARGET_NAME)";
			};
			name = Debug;
		};
		AE904E581E7D9EF600200F17 /* Release */ = {
			isa = XCBuildConfiguration;
			buildSettings = {
				PRODUCT_NAME = "$(TARGET_NAME)";
			};
			name = Release;
		};
/* End XCBuildConfiguration section */

/* Begin XCConfigurationList section */
		AE904E4A1E7D9EF500200F17 /* Build configuration list for PBXProject "Repàs Parcial 1" */ = {
			isa = XCConfigurationList;
			buildConfigurations = (
				AE904E541E7D9EF600200F17 /* Debug */,
				AE904E551E7D9EF600200F17 /* Release */,
			);
			defaultConfigurationIsVisible = 0;
			defaultConfigurationName = Release;
		};
		AE904E561E7D9EF600200F17 /* Build configuration list for PBXNativeTarget "Repàs Parcial 1" */ = {
			isa = XCConfigurationList;
			buildConfigurations = (
				AE904E571E7D9EF600200F17 /* Debug */,
				AE904E581E7D9EF600200F17 /* Release */,
			);
			defaultConfigurationIsVisible = 0;
			defaultConfigurationName = Release;
		};
/* End XCConfigurationList section */
	};
	rootObject = AE904E471E7D9EF500200F17 /* Project object */;
}
