// !$*UTF8*$!
{
	archiveVersion = 1;
	classes = {
	};
	objectVersion = 46;
	objects = {

/* Begin PBXBuildFile section */
		AEF650F51EAFFCC70017819E /* main.cc in Sources */ = {isa = PBXBuildFile; fileRef = AEF650F11EAFFCC70017819E /* main.cc */; };
		AEF650F61EAFFCC70017819E /* Poblacio.cc in Sources */ = {isa = PBXBuildFile; fileRef = AEF650F31EAFFCC70017819E /* Poblacio.cc */; };
/* End PBXBuildFile section */

/* Begin PBXCopyFilesBuildPhase section */
		AEDAE6821E8D4BAD0017BC45 /* CopyFiles */ = {
			isa = PBXCopyFilesBuildPhase;
			buildActionMask = 2147483647;
			dstPath = /usr/share/man/man1/;
			dstSubfolderSpec = 0;
			files = (
			);
			runOnlyForDeploymentPostprocessing = 1;
		};
/* End PBXCopyFilesBuildPhase section */

/* Begin PBXFileReference section */
		AEDAE6841E8D4BAE0017BC45 /* PRO2 */ = {isa = PBXFileReference; explicitFileType = "compiled.mach-o.executable"; includeInIndex = 0; path = PRO2; sourceTree = BUILT_PRODUCTS_DIR; };
		AEF650DF1EAFECD50017819E /* Cjt_estudiants.cc */ = {isa = PBXFileReference; fileEncoding = 4; lastKnownFileType = sourcecode.cpp.cpp; name = Cjt_estudiants.cc; path = "../Sessió 2/Sessió 2/Cjt_estudiants.cc"; sourceTree = "<group>"; };
		AEF650E01EAFECD50017819E /* Cjt_estudiants.hh */ = {isa = PBXFileReference; fileEncoding = 4; lastKnownFileType = sourcecode.cpp.h; name = Cjt_estudiants.hh; path = "../Sessió 2/Sessió 2/Cjt_estudiants.hh"; sourceTree = "<group>"; };
		AEF650E11EAFECD50017819E /* estudiant.cc */ = {isa = PBXFileReference; fileEncoding = 4; lastKnownFileType = sourcecode.cpp.cpp; name = estudiant.cc; path = "../Sessió 2/Sessió 2/estudiant.cc"; sourceTree = "<group>"; };
		AEF650E21EAFECD50017819E /* estudiant.hh */ = {isa = PBXFileReference; fileEncoding = 4; lastKnownFileType = sourcecode.cpp.h; name = estudiant.hh; path = "../Sessió 2/Sessió 2/estudiant.hh"; sourceTree = "<group>"; };
		AEF650EF1EAFFCC70017819E /* Especie.hh */ = {isa = PBXFileReference; fileEncoding = 4; lastKnownFileType = sourcecode.cpp.h; name = Especie.hh; path = "../../../../../Google Drive/Universitat/PRO2/Pràctica/Especie.hh"; sourceTree = "<group>"; };
		AEF650F01EAFFCC70017819E /* Individu.hh */ = {isa = PBXFileReference; fileEncoding = 4; lastKnownFileType = sourcecode.cpp.h; name = Individu.hh; path = "../../../../../Google Drive/Universitat/PRO2/Pràctica/Individu.hh"; sourceTree = "<group>"; };
		AEF650F11EAFFCC70017819E /* main.cc */ = {isa = PBXFileReference; fileEncoding = 4; lastKnownFileType = sourcecode.cpp.cpp; name = main.cc; path = "../../../../../Google Drive/Universitat/PRO2/Pràctica/main.cc"; sourceTree = "<group>"; };
		AEF650F21EAFFCC70017819E /* Parelldecromosomes.hh */ = {isa = PBXFileReference; fileEncoding = 4; lastKnownFileType = sourcecode.cpp.h; name = Parelldecromosomes.hh; path = "../../../../../Google Drive/Universitat/PRO2/Pràctica/Parelldecromosomes.hh"; sourceTree = "<group>"; };
		AEF650F31EAFFCC70017819E /* Poblacio.cc */ = {isa = PBXFileReference; fileEncoding = 4; lastKnownFileType = sourcecode.cpp.cpp; name = Poblacio.cc; path = "../../../../../Google Drive/Universitat/PRO2/Pràctica/Poblacio.cc"; sourceTree = "<group>"; };
		AEF650F41EAFFCC70017819E /* Poblacio.hh */ = {isa = PBXFileReference; fileEncoding = 4; lastKnownFileType = sourcecode.cpp.h; name = Poblacio.hh; path = "../../../../../Google Drive/Universitat/PRO2/Pràctica/Poblacio.hh"; sourceTree = "<group>"; };
/* End PBXFileReference section */

/* Begin PBXFrameworksBuildPhase section */
		AEDAE6811E8D4BAD0017BC45 /* Frameworks */ = {
			isa = PBXFrameworksBuildPhase;
			buildActionMask = 2147483647;
			files = (
			);
			runOnlyForDeploymentPostprocessing = 0;
		};
/* End PBXFrameworksBuildPhase section */

/* Begin PBXGroup section */
		AEDAE67B1E8D4BAD0017BC45 = {
			isa = PBXGroup;
			children = (
				AEF650DE1EAFEC030017819E /* Exemple S8 */,
				AEDAE6861E8D4BAE0017BC45 /* PRO2 */,
				AEDAE6851E8D4BAE0017BC45 /* Products */,
			);
			sourceTree = "<group>";
		};
		AEDAE6851E8D4BAE0017BC45 /* Products */ = {
			isa = PBXGroup;
			children = (
				AEDAE6841E8D4BAE0017BC45 /* PRO2 */,
			);
			name = Products;
			sourceTree = "<group>";
		};
		AEDAE6861E8D4BAE0017BC45 /* PRO2 */ = {
			isa = PBXGroup;
			children = (
				AEF650F11EAFFCC70017819E /* main.cc */,
				AEF650EF1EAFFCC70017819E /* Especie.hh */,
				AEF650F41EAFFCC70017819E /* Poblacio.hh */,
				AEF650F31EAFFCC70017819E /* Poblacio.cc */,
				AEF650F01EAFFCC70017819E /* Individu.hh */,
				AEF650F21EAFFCC70017819E /* Parelldecromosomes.hh */,
			);
			path = PRO2;
			sourceTree = "<group>";
		};
		AEF650DE1EAFEC030017819E /* Exemple S8 */ = {
			isa = PBXGroup;
			children = (
				AEF650DF1EAFECD50017819E /* Cjt_estudiants.cc */,
				AEF650E01EAFECD50017819E /* Cjt_estudiants.hh */,
				AEF650E11EAFECD50017819E /* estudiant.cc */,
				AEF650E21EAFECD50017819E /* estudiant.hh */,
			);
			name = "Exemple S8";
			sourceTree = "<group>";
		};
/* End PBXGroup section */

/* Begin PBXNativeTarget section */
		AEDAE6831E8D4BAD0017BC45 /* PRO2 */ = {
			isa = PBXNativeTarget;
			buildConfigurationList = AEDAE68B1E8D4BAE0017BC45 /* Build configuration list for PBXNativeTarget "PRO2" */;
			buildPhases = (
				AEDAE6801E8D4BAD0017BC45 /* Sources */,
				AEDAE6811E8D4BAD0017BC45 /* Frameworks */,
				AEDAE6821E8D4BAD0017BC45 /* CopyFiles */,
			);
			buildRules = (
			);
			dependencies = (
			);
			name = PRO2;
			productName = PRO2;
			productReference = AEDAE6841E8D4BAE0017BC45 /* PRO2 */;
			productType = "com.apple.product-type.tool";
		};
/* End PBXNativeTarget section */

/* Begin PBXProject section */
		AEDAE67C1E8D4BAD0017BC45 /* Project object */ = {
			isa = PBXProject;
			attributes = {
				LastUpgradeCheck = 0820;
				ORGANIZATIONNAME = "Marc Casellas";
				TargetAttributes = {
					AEDAE6831E8D4BAD0017BC45 = {
						CreatedOnToolsVersion = 8.2.1;
						ProvisioningStyle = Automatic;
					};
				};
			};
			buildConfigurationList = AEDAE67F1E8D4BAD0017BC45 /* Build configuration list for PBXProject "PRO2" */;
			compatibilityVersion = "Xcode 3.2";
			developmentRegion = English;
			hasScannedForEncodings = 0;
			knownRegions = (
				en,
			);
			mainGroup = AEDAE67B1E8D4BAD0017BC45;
			productRefGroup = AEDAE6851E8D4BAE0017BC45 /* Products */;
			projectDirPath = "";
			projectRoot = "";
			targets = (
				AEDAE6831E8D4BAD0017BC45 /* PRO2 */,
			);
		};
/* End PBXProject section */

/* Begin PBXSourcesBuildPhase section */
		AEDAE6801E8D4BAD0017BC45 /* Sources */ = {
			isa = PBXSourcesBuildPhase;
			buildActionMask = 2147483647;
			files = (
				AEF650F61EAFFCC70017819E /* Poblacio.cc in Sources */,
				AEF650F51EAFFCC70017819E /* main.cc in Sources */,
			);
			runOnlyForDeploymentPostprocessing = 0;
		};
/* End PBXSourcesBuildPhase section */

/* Begin XCBuildConfiguration section */
		AEDAE6891E8D4BAE0017BC45 /* Debug */ = {
			isa = XCBuildConfiguration;
			buildSettings = {
				ALWAYS_SEARCH_USER_PATHS = NO;
				CLANG_ANALYZER_NONNULL = YES;
				CLANG_CXX_LANGUAGE_STANDARD = "gnu++0x";
				CLANG_CXX_LIBRARY = "libc++";
				CLANG_ENABLE_MODULES = YES;
				CLANG_ENABLE_OBJC_ARC = YES;
				CLANG_WARN_BOOL_CONVERSION = YES;
				CLANG_WARN_CONSTANT_CONVERSION = YES;
				CLANG_WARN_DIRECT_OBJC_ISA_USAGE = YES_ERROR;
				CLANG_WARN_DOCUMENTATION_COMMENTS = YES;
				CLANG_WARN_EMPTY_BODY = YES;
				CLANG_WARN_ENUM_CONVERSION = YES;
				CLANG_WARN_INFINITE_RECURSION = YES;
				CLANG_WARN_INT_CONVERSION = YES;
				CLANG_WARN_OBJC_ROOT_CLASS = YES_ERROR;
				CLANG_WARN_SUSPICIOUS_MOVE = YES;
				CLANG_WARN_UNREACHABLE_CODE = YES;
				CLANG_WARN__DUPLICATE_METHOD_MATCH = YES;
				CODE_SIGN_IDENTITY = "-";
				COPY_PHASE_STRIP = NO;
				DEBUG_INFORMATION_FORMAT = dwarf;
				ENABLE_STRICT_OBJC_MSGSEND = YES;
				ENABLE_TESTABILITY = YES;
				GCC_C_LANGUAGE_STANDARD = gnu99;
				GCC_DYNAMIC_NO_PIC = NO;
				GCC_NO_COMMON_BLOCKS = YES;
				GCC_OPTIMIZATION_LEVEL = 0;
				GCC_PREPROCESSOR_DEFINITIONS = (
					"DEBUG=1",
					"$(inherited)",
				);
				GCC_WARN_64_TO_32_BIT_CONVERSION = YES;
				GCC_WARN_ABOUT_RETURN_TYPE = YES_ERROR;
				GCC_WARN_UNDECLARED_SELECTOR = YES;
				GCC_WARN_UNINITIALIZED_AUTOS = YES_AGGRESSIVE;
				GCC_WARN_UNUSED_FUNCTION = YES;
				GCC_WARN_UNUSED_VARIABLE = YES;
				MACOSX_DEPLOYMENT_TARGET = 10.12;
				MTL_ENABLE_DEBUG_INFO = YES;
				ONLY_ACTIVE_ARCH = YES;
				SDKROOT = macosx;
			};
			name = Debug;
		};
		AEDAE68A1E8D4BAE0017BC45 /* Release */ = {
			isa = XCBuildConfiguration;
			buildSettings = {
				ALWAYS_SEARCH_USER_PATHS = NO;
				CLANG_ANALYZER_NONNULL = YES;
				CLANG_CXX_LANGUAGE_STANDARD = "gnu++0x";
				CLANG_CXX_LIBRARY = "libc++";
				CLANG_ENABLE_MODULES = YES;
				CLANG_ENABLE_OBJC_ARC = YES;
				CLANG_WARN_BOOL_CONVERSION = YES;
				CLANG_WARN_CONSTANT_CONVERSION = YES;
				CLANG_WARN_DIRECT_OBJC_ISA_USAGE = YES_ERROR;
				CLANG_WARN_DOCUMENTATION_COMMENTS = YES;
				CLANG_WARN_EMPTY_BODY = YES;
				CLANG_WARN_ENUM_CONVERSION = YES;
				CLANG_WARN_INFINITE_RECURSION = YES;
				CLANG_WARN_INT_CONVERSION = YES;
				CLANG_WARN_OBJC_ROOT_CLASS = YES_ERROR;
				CLANG_WARN_SUSPICIOUS_MOVE = YES;
				CLANG_WARN_UNREACHABLE_CODE = YES;
				CLANG_WARN__DUPLICATE_METHOD_MATCH = YES;
				CODE_SIGN_IDENTITY = "-";
				COPY_PHASE_STRIP = NO;
				DEBUG_INFORMATION_FORMAT = "dwarf-with-dsym";
				ENABLE_NS_ASSERTIONS = NO;
				ENABLE_STRICT_OBJC_MSGSEND = YES;
				GCC_C_LANGUAGE_STANDARD = gnu99;
				GCC_NO_COMMON_BLOCKS = YES;
				GCC_WARN_64_TO_32_BIT_CONVERSION = YES;
				GCC_WARN_ABOUT_RETURN_TYPE = YES_ERROR;
				GCC_WARN_UNDECLARED_SELECTOR = YES;
				GCC_WARN_UNINITIALIZED_AUTOS = YES_AGGRESSIVE;
				GCC_WARN_UNUSED_FUNCTION = YES;
				GCC_WARN_UNUSED_VARIABLE = YES;
				MACOSX_DEPLOYMENT_TARGET = 10.12;
				MTL_ENABLE_DEBUG_INFO = NO;
				SDKROOT = macosx;
			};
			name = Release;
		};
		AEDAE68C1E8D4BAE0017BC45 /* Debug */ = {
			isa = XCBuildConfiguration;
			buildSettings = {
				PRODUCT_NAME = "$(TARGET_NAME)";
			};
			name = Debug;
		};
		AEDAE68D1E8D4BAE0017BC45 /* Release */ = {
			isa = XCBuildConfiguration;
			buildSettings = {
				PRODUCT_NAME = "$(TARGET_NAME)";
			};
			name = Release;
		};
/* End XCBuildConfiguration section */

/* Begin XCConfigurationList section */
		AEDAE67F1E8D4BAD0017BC45 /* Build configuration list for PBXProject "PRO2" */ = {
			isa = XCConfigurationList;
			buildConfigurations = (
				AEDAE6891E8D4BAE0017BC45 /* Debug */,
				AEDAE68A1E8D4BAE0017BC45 /* Release */,
			);
			defaultConfigurationIsVisible = 0;
			defaultConfigurationName = Release;
		};
		AEDAE68B1E8D4BAE0017BC45 /* Build configuration list for PBXNativeTarget "PRO2" */ = {
			isa = XCConfigurationList;
			buildConfigurations = (
				AEDAE68C1E8D4BAE0017BC45 /* Debug */,
				AEDAE68D1E8D4BAE0017BC45 /* Release */,
			);
			defaultConfigurationIsVisible = 0;
			defaultConfigurationName = Release;
		};
/* End XCConfigurationList section */
	};
	rootObject = AEDAE67C1E8D4BAD0017BC45 /* Project object */;
}
