// !$*UTF8*$!
{
	archiveVersion = 1;
	classes = {
	};
	objectVersion = 46;
	objects = {

/* Begin PBXBuildFile section */
		AE6BDC051E773A44000C728C /* Cjt_estudiants.cc in Sources */ = {isa = PBXBuildFile; fileRef = AE6BDBFD1E773A44000C728C /* Cjt_estudiants.cc */; };
		AE6BDC061E773A44000C728C /* Estudiant.cc in Sources */ = {isa = PBXBuildFile; fileRef = AE6BDBFF1E773A44000C728C /* Estudiant.cc */; };
		AE6BDC071E773A44000C728C /* pro2.cc in Sources */ = {isa = PBXBuildFile; fileRef = AE6BDC021E773A44000C728C /* pro2.cc */; };
		AE6BDC081E773A44000C728C /* solucio.cc in Sources */ = {isa = PBXBuildFile; fileRef = AE6BDC031E773A44000C728C /* solucio.cc */; };
/* End PBXBuildFile section */

/* Begin PBXCopyFilesBuildPhase section */
		AE6BDBD91E773A06000C728C /* CopyFiles */ = {
			isa = PBXCopyFilesBuildPhase;
			buildActionMask = 2147483647;
			dstPath = /usr/share/man/man1/;
			dstSubfolderSpec = 0;
			files = (
			);
			runOnlyForDeploymentPostprocessing = 1;
		};
/* End PBXCopyFilesBuildPhase section */

/* Begin PBXFileReference section */
		AE6BDBDB1E773A06000C728C /* Control S3 */ = {isa = PBXFileReference; explicitFileType = "compiled.mach-o.executable"; includeInIndex = 0; path = "Control S3"; sourceTree = BUILT_PRODUCTS_DIR; };
		AE6BDBFD1E773A44000C728C /* Cjt_estudiants.cc */ = {isa = PBXFileReference; fileEncoding = 4; lastKnownFileType = sourcecode.cpp.cpp; path = Cjt_estudiants.cc; sourceTree = "<group>"; };
		AE6BDBFE1E773A44000C728C /* Cjt_estudiants.hh */ = {isa = PBXFileReference; fileEncoding = 4; lastKnownFileType = sourcecode.cpp.h; path = Cjt_estudiants.hh; sourceTree = "<group>"; };
		AE6BDBFF1E773A44000C728C /* Estudiant.cc */ = {isa = PBXFileReference; fileEncoding = 4; lastKnownFileType = sourcecode.cpp.cpp; path = Estudiant.cc; sourceTree = "<group>"; };
		AE6BDC001E773A44000C728C /* Estudiant.hh */ = {isa = PBXFileReference; fileEncoding = 4; lastKnownFileType = sourcecode.cpp.h; path = Estudiant.hh; sourceTree = "<group>"; };
		AE6BDC011E773A44000C728C /* llegeixme.txt */ = {isa = PBXFileReference; fileEncoding = 4; lastKnownFileType = text; path = llegeixme.txt; sourceTree = "<group>"; };
		AE6BDC021E773A44000C728C /* pro2.cc */ = {isa = PBXFileReference; fileEncoding = 4; lastKnownFileType = sourcecode.cpp.cpp; path = pro2.cc; sourceTree = "<group>"; };
		AE6BDC031E773A44000C728C /* solucio.cc */ = {isa = PBXFileReference; fileEncoding = 4; lastKnownFileType = sourcecode.cpp.cpp; path = solucio.cc; sourceTree = "<group>"; };
		AE6BDC041E773A44000C728C /* utils.PRO2 */ = {isa = PBXFileReference; fileEncoding = 4; lastKnownFileType = text; path = utils.PRO2; sourceTree = "<group>"; };
/* End PBXFileReference section */

/* Begin PBXFrameworksBuildPhase section */
		AE6BDBD81E773A06000C728C /* Frameworks */ = {
			isa = PBXFrameworksBuildPhase;
			buildActionMask = 2147483647;
			files = (
			);
			runOnlyForDeploymentPostprocessing = 0;
		};
/* End PBXFrameworksBuildPhase section */

/* Begin PBXGroup section */
		AE6BDBD21E773A05000C728C = {
			isa = PBXGroup;
			children = (
				AE6BDBDD1E773A06000C728C /* Control S3 */,
				AE6BDBDC1E773A06000C728C /* Products */,
			);
			sourceTree = "<group>";
		};
		AE6BDBDC1E773A06000C728C /* Products */ = {
			isa = PBXGroup;
			children = (
				AE6BDBDB1E773A06000C728C /* Control S3 */,
			);
			name = Products;
			sourceTree = "<group>";
		};
		AE6BDBDD1E773A06000C728C /* Control S3 */ = {
			isa = PBXGroup;
			children = (
				AE6BDBFD1E773A44000C728C /* Cjt_estudiants.cc */,
				AE6BDBFE1E773A44000C728C /* Cjt_estudiants.hh */,
				AE6BDBFF1E773A44000C728C /* Estudiant.cc */,
				AE6BDC001E773A44000C728C /* Estudiant.hh */,
				AE6BDC011E773A44000C728C /* llegeixme.txt */,
				AE6BDC021E773A44000C728C /* pro2.cc */,
				AE6BDC031E773A44000C728C /* solucio.cc */,
				AE6BDC041E773A44000C728C /* utils.PRO2 */,
			);
			path = "Control S3";
			sourceTree = "<group>";
		};
/* End PBXGroup section */

/* Begin PBXNativeTarget section */
		AE6BDBDA1E773A06000C728C /* Control S3 */ = {
			isa = PBXNativeTarget;
			buildConfigurationList = AE6BDBE21E773A06000C728C /* Build configuration list for PBXNativeTarget "Control S3" */;
			buildPhases = (
				AE6BDBD71E773A06000C728C /* Sources */,
				AE6BDBD81E773A06000C728C /* Frameworks */,
				AE6BDBD91E773A06000C728C /* CopyFiles */,
			);
			buildRules = (
			);
			dependencies = (
			);
			name = "Control S3";
			productName = "Control S3";
			productReference = AE6BDBDB1E773A06000C728C /* Control S3 */;
			productType = "com.apple.product-type.tool";
		};
/* End PBXNativeTarget section */

/* Begin PBXProject section */
		AE6BDBD31E773A06000C728C /* Project object */ = {
			isa = PBXProject;
			attributes = {
				LastUpgradeCheck = 0820;
				ORGANIZATIONNAME = "Marc Casellas";
				TargetAttributes = {
					AE6BDBDA1E773A06000C728C = {
						CreatedOnToolsVersion = 8.2.1;
						ProvisioningStyle = Automatic;
					};
				};
			};
			buildConfigurationList = AE6BDBD61E773A06000C728C /* Build configuration list for PBXProject "Control S3" */;
			compatibilityVersion = "Xcode 3.2";
			developmentRegion = English;
			hasScannedForEncodings = 0;
			knownRegions = (
				en,
			);
			mainGroup = AE6BDBD21E773A05000C728C;
			productRefGroup = AE6BDBDC1E773A06000C728C /* Products */;
			projectDirPath = "";
			projectRoot = "";
			targets = (
				AE6BDBDA1E773A06000C728C /* Control S3 */,
			);
		};
/* End PBXProject section */

/* Begin PBXSourcesBuildPhase section */
		AE6BDBD71E773A06000C728C /* Sources */ = {
			isa = PBXSourcesBuildPhase;
			buildActionMask = 2147483647;
			files = (
				AE6BDC081E773A44000C728C /* solucio.cc in Sources */,
				AE6BDC071E773A44000C728C /* pro2.cc in Sources */,
				AE6BDC051E773A44000C728C /* Cjt_estudiants.cc in Sources */,
				AE6BDC061E773A44000C728C /* Estudiant.cc in Sources */,
			);
			runOnlyForDeploymentPostprocessing = 0;
		};
/* End PBXSourcesBuildPhase section */

/* Begin XCBuildConfiguration section */
		AE6BDBE01E773A06000C728C /* Debug */ = {
			isa = XCBuildConfiguration;
			buildSettings = {
				ALWAYS_SEARCH_USER_PATHS = NO;
				CLANG_ANALYZER_NONNULL = YES;
				CLANG_CXX_LANGUAGE_STANDARD = "gnu++0x";
				CLANG_CXX_LIBRARY = "libc++";
				CLANG_ENABLE_MODULES = YES;
				CLANG_ENABLE_OBJC_ARC = YES;
				CLANG_WARN_BOOL_CONVERSION = YES;
				CLANG_WARN_CONSTANT_CONVERSION = YES;
				CLANG_WARN_DIRECT_OBJC_ISA_USAGE = YES_ERROR;
				CLANG_WARN_DOCUMENTATION_COMMENTS = YES;
				CLANG_WARN_EMPTY_BODY = YES;
				CLANG_WARN_ENUM_CONVERSION = YES;
				CLANG_WARN_INFINITE_RECURSION = YES;
				CLANG_WARN_INT_CONVERSION = YES;
				CLANG_WARN_OBJC_ROOT_CLASS = YES_ERROR;
				CLANG_WARN_SUSPICIOUS_MOVE = YES;
				CLANG_WARN_UNREACHABLE_CODE = YES;
				CLANG_WARN__DUPLICATE_METHOD_MATCH = YES;
				CODE_SIGN_IDENTITY = "-";
				COPY_PHASE_STRIP = NO;
				DEBUG_INFORMATION_FORMAT = dwarf;
				ENABLE_STRICT_OBJC_MSGSEND = YES;
				ENABLE_TESTABILITY = YES;
				GCC_C_LANGUAGE_STANDARD = gnu99;
				GCC_DYNAMIC_NO_PIC = NO;
				GCC_NO_COMMON_BLOCKS = YES;
				GCC_OPTIMIZATION_LEVEL = 0;
				GCC_PREPROCESSOR_DEFINITIONS = (
					"DEBUG=1",
					"$(inherited)",
				);
				GCC_WARN_64_TO_32_BIT_CONVERSION = YES;
				GCC_WARN_ABOUT_RETURN_TYPE = YES_ERROR;
				GCC_WARN_UNDECLARED_SELECTOR = YES;
				GCC_WARN_UNINITIALIZED_AUTOS = YES_AGGRESSIVE;
				GCC_WARN_UNUSED_FUNCTION = YES;
				GCC_WARN_UNUSED_VARIABLE = YES;
				MACOSX_DEPLOYMENT_TARGET = 10.12;
				MTL_ENABLE_DEBUG_INFO = YES;
				ONLY_ACTIVE_ARCH = YES;
				SDKROOT = macosx;
			};
			name = Debug;
		};
		AE6BDBE11E773A06000C728C /* Release */ = {
			isa = XCBuildConfiguration;
			buildSettings = {
				ALWAYS_SEARCH_USER_PATHS = NO;
				CLANG_ANALYZER_NONNULL = YES;
				CLANG_CXX_LANGUAGE_STANDARD = "gnu++0x";
				CLANG_CXX_LIBRARY = "libc++";
				CLANG_ENABLE_MODULES = YES;
				CLANG_ENABLE_OBJC_ARC = YES;
				CLANG_WARN_BOOL_CONVERSION = YES;
				CLANG_WARN_CONSTANT_CONVERSION = YES;
				CLANG_WARN_DIRECT_OBJC_ISA_USAGE = YES_ERROR;
				CLANG_WARN_DOCUMENTATION_COMMENTS = YES;
				CLANG_WARN_EMPTY_BODY = YES;
				CLANG_WARN_ENUM_CONVERSION = YES;
				CLANG_WARN_INFINITE_RECURSION = YES;
				CLANG_WARN_INT_CONVERSION = YES;
				CLANG_WARN_OBJC_ROOT_CLASS = YES_ERROR;
				CLANG_WARN_SUSPICIOUS_MOVE = YES;
				CLANG_WARN_UNREACHABLE_CODE = YES;
				CLANG_WARN__DUPLICATE_METHOD_MATCH = YES;
				CODE_SIGN_IDENTITY = "-";
				COPY_PHASE_STRIP = NO;
				DEBUG_INFORMATION_FORMAT = "dwarf-with-dsym";
				ENABLE_NS_ASSERTIONS = NO;
				ENABLE_STRICT_OBJC_MSGSEND = YES;
				GCC_C_LANGUAGE_STANDARD = gnu99;
				GCC_NO_COMMON_BLOCKS = YES;
				GCC_WARN_64_TO_32_BIT_CONVERSION = YES;
				GCC_WARN_ABOUT_RETURN_TYPE = YES_ERROR;
				GCC_WARN_UNDECLARED_SELECTOR = YES;
				GCC_WARN_UNINITIALIZED_AUTOS = YES_AGGRESSIVE;
				GCC_WARN_UNUSED_FUNCTION = YES;
				GCC_WARN_UNUSED_VARIABLE = YES;
				MACOSX_DEPLOYMENT_TARGET = 10.12;
				MTL_ENABLE_DEBUG_INFO = NO;
				SDKROOT = macosx;
			};
			name = Release;
		};
		AE6BDBE31E773A06000C728C /* Debug */ = {
			isa = XCBuildConfiguration;
			buildSettings = {
				PRODUCT_NAME = "$(TARGET_NAME)";
			};
			name = Debug;
		};
		AE6BDBE41E773A06000C728C /* Release */ = {
			isa = XCBuildConfiguration;
			buildSettings = {
				PRODUCT_NAME = "$(TARGET_NAME)";
			};
			name = Release;
		};
/* End XCBuildConfiguration section */

/* Begin XCConfigurationList section */
		AE6BDBD61E773A06000C728C /* Build configuration list for PBXProject "Control S3" */ = {
			isa = XCConfigurationList;
			buildConfigurations = (
				AE6BDBE01E773A06000C728C /* Debug */,
				AE6BDBE11E773A06000C728C /* Release */,
			);
			defaultConfigurationIsVisible = 0;
			defaultConfigurationName = Release;
		};
		AE6BDBE21E773A06000C728C /* Build configuration list for PBXNativeTarget "Control S3" */ = {
			isa = XCConfigurationList;
			buildConfigurations = (
				AE6BDBE31E773A06000C728C /* Debug */,
				AE6BDBE41E773A06000C728C /* Release */,
			);
			defaultConfigurationIsVisible = 0;
		};
/* End XCConfigurationList section */
	};
	rootObject = AE6BDBD31E773A06000C728C /* Project object */;
}
