// !$*UTF8*$!
{
	archiveVersion = 1;
	classes = {
	};
	objectVersion = 46;
	objects = {

/* Begin PBXBuildFile section */
		AEE661C71E7EE97700D6FC50 /* Cjt_estudiants.cc in Sources */ = {isa = PBXBuildFile; fileRef = AEE661BE1E7EE97700D6FC50 /* Cjt_estudiants.cc */; };
		AEE661C81E7EE97700D6FC50 /* Estudiant.cc in Sources */ = {isa = PBXBuildFile; fileRef = AEE661C11E7EE97700D6FC50 /* Estudiant.cc */; };
		AEE661C91E7EE97700D6FC50 /* pro2.cc in Sources */ = {isa = PBXBuildFile; fileRef = AEE661C41E7EE97700D6FC50 /* pro2.cc */; };
		AEE661CB1E7EE9A800D6FC50 /* solucio.cc in Sources */ = {isa = PBXBuildFile; fileRef = AEE661CA1E7EE9A800D6FC50 /* solucio.cc */; };
/* End PBXBuildFile section */

/* Begin PBXCopyFilesBuildPhase section */
		AEE661B21E7EE94F00D6FC50 /* CopyFiles */ = {
			isa = PBXCopyFilesBuildPhase;
			buildActionMask = 2147483647;
			dstPath = /usr/share/man/man1/;
			dstSubfolderSpec = 0;
			files = (
			);
			runOnlyForDeploymentPostprocessing = 1;
		};
/* End PBXCopyFilesBuildPhase section */

/* Begin PBXFileReference section */
		AEE661B41E7EE94F00D6FC50 /* X26175 */ = {isa = PBXFileReference; explicitFileType = "compiled.mach-o.executable"; includeInIndex = 0; path = X26175; sourceTree = BUILT_PRODUCTS_DIR; };
		AEE661BE1E7EE97700D6FC50 /* Cjt_estudiants.cc */ = {isa = PBXFileReference; fileEncoding = 4; lastKnownFileType = sourcecode.cpp.cpp; path = Cjt_estudiants.cc; sourceTree = "<group>"; };
		AEE661BF1E7EE97700D6FC50 /* Cjt_estudiants.hh */ = {isa = PBXFileReference; fileEncoding = 4; lastKnownFileType = sourcecode.cpp.h; path = Cjt_estudiants.hh; sourceTree = "<group>"; };
		AEE661C01E7EE97700D6FC50 /* entrada.txt */ = {isa = PBXFileReference; fileEncoding = 4; lastKnownFileType = text; path = entrada.txt; sourceTree = "<group>"; };
		AEE661C11E7EE97700D6FC50 /* Estudiant.cc */ = {isa = PBXFileReference; fileEncoding = 4; lastKnownFileType = sourcecode.cpp.cpp; path = Estudiant.cc; sourceTree = "<group>"; };
		AEE661C21E7EE97700D6FC50 /* Estudiant.hh */ = {isa = PBXFileReference; fileEncoding = 4; lastKnownFileType = sourcecode.cpp.h; path = Estudiant.hh; sourceTree = "<group>"; };
		AEE661C31E7EE97700D6FC50 /* llegeixme.txt */ = {isa = PBXFileReference; fileEncoding = 4; lastKnownFileType = text; path = llegeixme.txt; sourceTree = "<group>"; };
		AEE661C41E7EE97700D6FC50 /* pro2.cc */ = {isa = PBXFileReference; fileEncoding = 4; lastKnownFileType = sourcecode.cpp.cpp; path = pro2.cc; sourceTree = "<group>"; };
		AEE661C51E7EE97700D6FC50 /* PRO2Excepcio.hh */ = {isa = PBXFileReference; fileEncoding = 4; lastKnownFileType = sourcecode.cpp.h; path = PRO2Excepcio.hh; sourceTree = "<group>"; };
		AEE661C61E7EE97700D6FC50 /* sortida_correcta.txt */ = {isa = PBXFileReference; fileEncoding = 4; lastKnownFileType = text; path = sortida_correcta.txt; sourceTree = "<group>"; };
		AEE661CA1E7EE9A800D6FC50 /* solucio.cc */ = {isa = PBXFileReference; fileEncoding = 4; lastKnownFileType = sourcecode.cpp.cpp; path = solucio.cc; sourceTree = "<group>"; };
/* End PBXFileReference section */

/* Begin PBXFrameworksBuildPhase section */
		AEE661B11E7EE94F00D6FC50 /* Frameworks */ = {
			isa = PBXFrameworksBuildPhase;
			buildActionMask = 2147483647;
			files = (
			);
			runOnlyForDeploymentPostprocessing = 0;
		};
/* End PBXFrameworksBuildPhase section */

/* Begin PBXGroup section */
		AEE661AB1E7EE94F00D6FC50 = {
			isa = PBXGroup;
			children = (
				AEE661B61E7EE94F00D6FC50 /* X26175 */,
				AEE661B51E7EE94F00D6FC50 /* Products */,
			);
			sourceTree = "<group>";
		};
		AEE661B51E7EE94F00D6FC50 /* Products */ = {
			isa = PBXGroup;
			children = (
				AEE661B41E7EE94F00D6FC50 /* X26175 */,
			);
			name = Products;
			sourceTree = "<group>";
		};
		AEE661B61E7EE94F00D6FC50 /* X26175 */ = {
			isa = PBXGroup;
			children = (
				AEE661BE1E7EE97700D6FC50 /* Cjt_estudiants.cc */,
				AEE661BF1E7EE97700D6FC50 /* Cjt_estudiants.hh */,
				AEE661C01E7EE97700D6FC50 /* entrada.txt */,
				AEE661C11E7EE97700D6FC50 /* Estudiant.cc */,
				AEE661C21E7EE97700D6FC50 /* Estudiant.hh */,
				AEE661C31E7EE97700D6FC50 /* llegeixme.txt */,
				AEE661C41E7EE97700D6FC50 /* pro2.cc */,
				AEE661C51E7EE97700D6FC50 /* PRO2Excepcio.hh */,
				AEE661CA1E7EE9A800D6FC50 /* solucio.cc */,
				AEE661C61E7EE97700D6FC50 /* sortida_correcta.txt */,
			);
			path = X26175;
			sourceTree = "<group>";
		};
/* End PBXGroup section */

/* Begin PBXNativeTarget section */
		AEE661B31E7EE94F00D6FC50 /* X26175 */ = {
			isa = PBXNativeTarget;
			buildConfigurationList = AEE661BB1E7EE94F00D6FC50 /* Build configuration list for PBXNativeTarget "X26175" */;
			buildPhases = (
				AEE661B01E7EE94F00D6FC50 /* Sources */,
				AEE661B11E7EE94F00D6FC50 /* Frameworks */,
				AEE661B21E7EE94F00D6FC50 /* CopyFiles */,
			);
			buildRules = (
			);
			dependencies = (
			);
			name = X26175;
			productName = X26175;
			productReference = AEE661B41E7EE94F00D6FC50 /* X26175 */;
			productType = "com.apple.product-type.tool";
		};
/* End PBXNativeTarget section */

/* Begin PBXProject section */
		AEE661AC1E7EE94F00D6FC50 /* Project object */ = {
			isa = PBXProject;
			attributes = {
				LastUpgradeCheck = 0820;
				ORGANIZATIONNAME = "Marc Casellas";
				TargetAttributes = {
					AEE661B31E7EE94F00D6FC50 = {
						CreatedOnToolsVersion = 8.2.1;
						ProvisioningStyle = Automatic;
					};
				};
			};
			buildConfigurationList = AEE661AF1E7EE94F00D6FC50 /* Build configuration list for PBXProject "X26175" */;
			compatibilityVersion = "Xcode 3.2";
			developmentRegion = English;
			hasScannedForEncodings = 0;
			knownRegions = (
				en,
			);
			mainGroup = AEE661AB1E7EE94F00D6FC50;
			productRefGroup = AEE661B51E7EE94F00D6FC50 /* Products */;
			projectDirPath = "";
			projectRoot = "";
			targets = (
				AEE661B31E7EE94F00D6FC50 /* X26175 */,
			);
		};
/* End PBXProject section */

/* Begin PBXSourcesBuildPhase section */
		AEE661B01E7EE94F00D6FC50 /* Sources */ = {
			isa = PBXSourcesBuildPhase;
			buildActionMask = 2147483647;
			files = (
				AEE661CB1E7EE9A800D6FC50 /* solucio.cc in Sources */,
				AEE661C91E7EE97700D6FC50 /* pro2.cc in Sources */,
				AEE661C71E7EE97700D6FC50 /* Cjt_estudiants.cc in Sources */,
				AEE661C81E7EE97700D6FC50 /* Estudiant.cc in Sources */,
			);
			runOnlyForDeploymentPostprocessing = 0;
		};
/* End PBXSourcesBuildPhase section */

/* Begin XCBuildConfiguration section */
		AEE661B91E7EE94F00D6FC50 /* Debug */ = {
			isa = XCBuildConfiguration;
			buildSettings = {
				ALWAYS_SEARCH_USER_PATHS = NO;
				CLANG_ANALYZER_NONNULL = YES;
				CLANG_CXX_LANGUAGE_STANDARD = "gnu++0x";
				CLANG_CXX_LIBRARY = "libc++";
				CLANG_ENABLE_MODULES = YES;
				CLANG_ENABLE_OBJC_ARC = YES;
				CLANG_WARN_BOOL_CONVERSION = YES;
				CLANG_WARN_CONSTANT_CONVERSION = YES;
				CLANG_WARN_DIRECT_OBJC_ISA_USAGE = YES_ERROR;
				CLANG_WARN_DOCUMENTATION_COMMENTS = YES;
				CLANG_WARN_EMPTY_BODY = YES;
				CLANG_WARN_ENUM_CONVERSION = YES;
				CLANG_WARN_INFINITE_RECURSION = YES;
				CLANG_WARN_INT_CONVERSION = YES;
				CLANG_WARN_OBJC_ROOT_CLASS = YES_ERROR;
				CLANG_WARN_SUSPICIOUS_MOVE = YES;
				CLANG_WARN_UNREACHABLE_CODE = YES;
				CLANG_WARN__DUPLICATE_METHOD_MATCH = YES;
				CODE_SIGN_IDENTITY = "-";
				COPY_PHASE_STRIP = NO;
				DEBUG_INFORMATION_FORMAT = dwarf;
				ENABLE_STRICT_OBJC_MSGSEND = YES;
				ENABLE_TESTABILITY = YES;
				GCC_C_LANGUAGE_STANDARD = gnu99;
				GCC_DYNAMIC_NO_PIC = NO;
				GCC_NO_COMMON_BLOCKS = YES;
				GCC_OPTIMIZATION_LEVEL = 0;
				GCC_PREPROCESSOR_DEFINITIONS = (
					"DEBUG=1",
					"$(inherited)",
				);
				GCC_WARN_64_TO_32_BIT_CONVERSION = YES;
				GCC_WARN_ABOUT_RETURN_TYPE = YES_ERROR;
				GCC_WARN_UNDECLARED_SELECTOR = YES;
				GCC_WARN_UNINITIALIZED_AUTOS = YES_AGGRESSIVE;
				GCC_WARN_UNUSED_FUNCTION = YES;
				GCC_WARN_UNUSED_VARIABLE = YES;
				MACOSX_DEPLOYMENT_TARGET = 10.12;
				MTL_ENABLE_DEBUG_INFO = YES;
				ONLY_ACTIVE_ARCH = YES;
				SDKROOT = macosx;
			};
			name = Debug;
		};
		AEE661BA1E7EE94F00D6FC50 /* Release */ = {
			isa = XCBuildConfiguration;
			buildSettings = {
				ALWAYS_SEARCH_USER_PATHS = NO;
				CLANG_ANALYZER_NONNULL = YES;
				CLANG_CXX_LANGUAGE_STANDARD = "gnu++0x";
				CLANG_CXX_LIBRARY = "libc++";
				CLANG_ENABLE_MODULES = YES;
				CLANG_ENABLE_OBJC_ARC = YES;
				CLANG_WARN_BOOL_CONVERSION = YES;
				CLANG_WARN_CONSTANT_CONVERSION = YES;
				CLANG_WARN_DIRECT_OBJC_ISA_USAGE = YES_ERROR;
				CLANG_WARN_DOCUMENTATION_COMMENTS = YES;
				CLANG_WARN_EMPTY_BODY = YES;
				CLANG_WARN_ENUM_CONVERSION = YES;
				CLANG_WARN_INFINITE_RECURSION = YES;
				CLANG_WARN_INT_CONVERSION = YES;
				CLANG_WARN_OBJC_ROOT_CLASS = YES_ERROR;
				CLANG_WARN_SUSPICIOUS_MOVE = YES;
				CLANG_WARN_UNREACHABLE_CODE = YES;
				CLANG_WARN__DUPLICATE_METHOD_MATCH = YES;
				CODE_SIGN_IDENTITY = "-";
				COPY_PHASE_STRIP = NO;
				DEBUG_INFORMATION_FORMAT = "dwarf-with-dsym";
				ENABLE_NS_ASSERTIONS = NO;
				ENABLE_STRICT_OBJC_MSGSEND = YES;
				GCC_C_LANGUAGE_STANDARD = gnu99;
				GCC_NO_COMMON_BLOCKS = YES;
				GCC_WARN_64_TO_32_BIT_CONVERSION = YES;
				GCC_WARN_ABOUT_RETURN_TYPE = YES_ERROR;
				GCC_WARN_UNDECLARED_SELECTOR = YES;
				GCC_WARN_UNINITIALIZED_AUTOS = YES_AGGRESSIVE;
				GCC_WARN_UNUSED_FUNCTION = YES;
				GCC_WARN_UNUSED_VARIABLE = YES;
				MACOSX_DEPLOYMENT_TARGET = 10.12;
				MTL_ENABLE_DEBUG_INFO = NO;
				SDKROOT = macosx;
			};
			name = Release;
		};
		AEE661BC1E7EE94F00D6FC50 /* Debug */ = {
			isa = XCBuildConfiguration;
			buildSettings = {
				PRODUCT_NAME = "$(TARGET_NAME)";
			};
			name = Debug;
		};
		AEE661BD1E7EE94F00D6FC50 /* Release */ = {
			isa = XCBuildConfiguration;
			buildSettings = {
				PRODUCT_NAME = "$(TARGET_NAME)";
			};
			name = Release;
		};
/* End XCBuildConfiguration section */

/* Begin XCConfigurationList section */
		AEE661AF1E7EE94F00D6FC50 /* Build configuration list for PBXProject "X26175" */ = {
			isa = XCConfigurationList;
			buildConfigurations = (
				AEE661B91E7EE94F00D6FC50 /* Debug */,
				AEE661BA1E7EE94F00D6FC50 /* Release */,
			);
			defaultConfigurationIsVisible = 0;
			defaultConfigurationName = Release;
		};
		AEE661BB1E7EE94F00D6FC50 /* Build configuration list for PBXNativeTarget "X26175" */ = {
			isa = XCConfigurationList;
			buildConfigurations = (
				AEE661BC1E7EE94F00D6FC50 /* Debug */,
				AEE661BD1E7EE94F00D6FC50 /* Release */,
			);
			defaultConfigurationIsVisible = 0;
			defaultConfigurationName = Release;
		};
/* End XCConfigurationList section */
	};
	rootObject = AEE661AC1E7EE94F00D6FC50 /* Project object */;
}
