// !$*UTF8*$!
{
	archiveVersion = 1;
	classes = {
	};
	objectVersion = 46;
	objects = {

/* Begin PBXBuildFile section */
		AE3F68E11E70A6F000AFB234 /* gestio_conjunt_est.cpp in Sources */ = {isa = PBXBuildFile; fileRef = AE3F68E01E70A6F000AFB234 /* gestio_conjunt_est.cpp */; };
		AE3F68EA1E70A84500AFB234 /* Cjt_estudiants.cc in Sources */ = {isa = PBXBuildFile; fileRef = AE3F68E91E70A84500AFB234 /* Cjt_estudiants.cc */; };
		AE3F68EE1E70A86500AFB234 /* estudiant.cc in Sources */ = {isa = PBXBuildFile; fileRef = AE3F68EC1E70A86500AFB234 /* estudiant.cc */; };
/* End PBXBuildFile section */

/* Begin PBXCopyFilesBuildPhase section */
		AE3F68DB1E70A6F000AFB234 /* CopyFiles */ = {
			isa = PBXCopyFilesBuildPhase;
			buildActionMask = 2147483647;
			dstPath = /usr/share/man/man1/;
			dstSubfolderSpec = 0;
			files = (
			);
			runOnlyForDeploymentPostprocessing = 1;
		};
/* End PBXCopyFilesBuildPhase section */

/* Begin PBXFileReference section */
		AE3F68DD1E70A6F000AFB234 /* Sessió 2 */ = {isa = PBXFileReference; explicitFileType = "compiled.mach-o.executable"; includeInIndex = 0; path = "Sessió 2"; sourceTree = BUILT_PRODUCTS_DIR; };
		AE3F68E01E70A6F000AFB234 /* gestio_conjunt_est.cpp */ = {isa = PBXFileReference; lastKnownFileType = sourcecode.cpp.cpp; path = gestio_conjunt_est.cpp; sourceTree = "<group>"; };
		AE3F68E91E70A84500AFB234 /* Cjt_estudiants.cc */ = {isa = PBXFileReference; fileEncoding = 4; lastKnownFileType = sourcecode.cpp.cpp; name = Cjt_estudiants.cc; path = "Sessió 2/Cjt_estudiants.cc"; sourceTree = "<group>"; };
		AE3F68EB1E70A85900AFB234 /* Cjt_estudiants.hh */ = {isa = PBXFileReference; lastKnownFileType = sourcecode.cpp.h; name = Cjt_estudiants.hh; path = "Sessió 2/Cjt_estudiants.hh"; sourceTree = "<group>"; };
		AE3F68EC1E70A86500AFB234 /* estudiant.cc */ = {isa = PBXFileReference; fileEncoding = 4; lastKnownFileType = sourcecode.cpp.cpp; name = estudiant.cc; path = "Sessió 2/estudiant.cc"; sourceTree = "<group>"; };
		AE3F68ED1E70A86500AFB234 /* estudiant.hh */ = {isa = PBXFileReference; fileEncoding = 4; lastKnownFileType = sourcecode.cpp.h; name = estudiant.hh; path = "Sessió 2/estudiant.hh"; sourceTree = "<group>"; };
		AE3F68F01E70A90F00AFB234 /* gest_conj.dat */ = {isa = PBXFileReference; lastKnownFileType = text; name = gest_conj.dat; path = ../../../../../../Volumes/assig/pro2/sessio2/gest_conj.dat; sourceTree = "<group>"; };
/* End PBXFileReference section */

/* Begin PBXFrameworksBuildPhase section */
		AE3F68DA1E70A6F000AFB234 /* Frameworks */ = {
			isa = PBXFrameworksBuildPhase;
			buildActionMask = 2147483647;
			files = (
			);
			runOnlyForDeploymentPostprocessing = 0;
		};
/* End PBXFrameworksBuildPhase section */

/* Begin PBXGroup section */
		AE3F68D41E70A6F000AFB234 = {
			isa = PBXGroup;
			children = (
				AE3F68EF1E70A86F00AFB234 /* Classes */,
				AE3F68DF1E70A6F000AFB234 /* Sessió 2 */,
				AE3F68DE1E70A6F000AFB234 /* Products */,
			);
			sourceTree = "<group>";
		};
		AE3F68DE1E70A6F000AFB234 /* Products */ = {
			isa = PBXGroup;
			children = (
				AE3F68DD1E70A6F000AFB234 /* Sessió 2 */,
			);
			name = Products;
			sourceTree = "<group>";
		};
		AE3F68DF1E70A6F000AFB234 /* Sessió 2 */ = {
			isa = PBXGroup;
			children = (
				AE3F68E01E70A6F000AFB234 /* gestio_conjunt_est.cpp */,
			);
			path = "Sessió 2";
			sourceTree = "<group>";
		};
		AE3F68EF1E70A86F00AFB234 /* Classes */ = {
			isa = PBXGroup;
			children = (
				AE3F68EC1E70A86500AFB234 /* estudiant.cc */,
				AE3F68ED1E70A86500AFB234 /* estudiant.hh */,
				AE3F68EB1E70A85900AFB234 /* Cjt_estudiants.hh */,
				AE3F68E91E70A84500AFB234 /* Cjt_estudiants.cc */,
				AE3F68F01E70A90F00AFB234 /* gest_conj.dat */,
			);
			name = Classes;
			sourceTree = "<group>";
		};
/* End PBXGroup section */

/* Begin PBXNativeTarget section */
		AE3F68DC1E70A6F000AFB234 /* Sessió 2 */ = {
			isa = PBXNativeTarget;
			buildConfigurationList = AE3F68E41E70A6F000AFB234 /* Build configuration list for PBXNativeTarget "Sessió 2" */;
			buildPhases = (
				AE3F68D91E70A6F000AFB234 /* Sources */,
				AE3F68DA1E70A6F000AFB234 /* Frameworks */,
				AE3F68DB1E70A6F000AFB234 /* CopyFiles */,
			);
			buildRules = (
			);
			dependencies = (
			);
			name = "Sessió 2";
			productName = "Sessió 2";
			productReference = AE3F68DD1E70A6F000AFB234 /* Sessió 2 */;
			productType = "com.apple.product-type.tool";
		};
/* End PBXNativeTarget section */

/* Begin PBXProject section */
		AE3F68D51E70A6F000AFB234 /* Project object */ = {
			isa = PBXProject;
			attributes = {
				LastUpgradeCheck = 0820;
				ORGANIZATIONNAME = "Marc Casellas";
				TargetAttributes = {
					AE3F68DC1E70A6F000AFB234 = {
						CreatedOnToolsVersion = 8.2.1;
						ProvisioningStyle = Automatic;
					};
				};
			};
			buildConfigurationList = AE3F68D81E70A6F000AFB234 /* Build configuration list for PBXProject "Sessió 2" */;
			compatibilityVersion = "Xcode 3.2";
			developmentRegion = English;
			hasScannedForEncodings = 0;
			knownRegions = (
				en,
			);
			mainGroup = AE3F68D41E70A6F000AFB234;
			productRefGroup = AE3F68DE1E70A6F000AFB234 /* Products */;
			projectDirPath = "";
			projectRoot = "";
			targets = (
				AE3F68DC1E70A6F000AFB234 /* Sessió 2 */,
			);
		};
/* End PBXProject section */

/* Begin PBXSourcesBuildPhase section */
		AE3F68D91E70A6F000AFB234 /* Sources */ = {
			isa = PBXSourcesBuildPhase;
			buildActionMask = 2147483647;
			files = (
				AE3F68E11E70A6F000AFB234 /* gestio_conjunt_est.cpp in Sources */,
				AE3F68EA1E70A84500AFB234 /* Cjt_estudiants.cc in Sources */,
				AE3F68EE1E70A86500AFB234 /* estudiant.cc in Sources */,
			);
			runOnlyForDeploymentPostprocessing = 0;
		};
/* End PBXSourcesBuildPhase section */

/* Begin XCBuildConfiguration section */
		AE3F68E21E70A6F000AFB234 /* Debug */ = {
			isa = XCBuildConfiguration;
			buildSettings = {
				ALWAYS_SEARCH_USER_PATHS = NO;
				CLANG_ANALYZER_NONNULL = YES;
				CLANG_CXX_LANGUAGE_STANDARD = "gnu++0x";
				CLANG_CXX_LIBRARY = "libc++";
				CLANG_ENABLE_MODULES = YES;
				CLANG_ENABLE_OBJC_ARC = YES;
				CLANG_WARN_BOOL_CONVERSION = YES;
				CLANG_WARN_CONSTANT_CONVERSION = YES;
				CLANG_WARN_DIRECT_OBJC_ISA_USAGE = YES_ERROR;
				CLANG_WARN_DOCUMENTATION_COMMENTS = YES;
				CLANG_WARN_EMPTY_BODY = YES;
				CLANG_WARN_ENUM_CONVERSION = YES;
				CLANG_WARN_INFINITE_RECURSION = YES;
				CLANG_WARN_INT_CONVERSION = YES;
				CLANG_WARN_OBJC_ROOT_CLASS = YES_ERROR;
				CLANG_WARN_SUSPICIOUS_MOVE = YES;
				CLANG_WARN_UNREACHABLE_CODE = YES;
				CLANG_WARN__DUPLICATE_METHOD_MATCH = YES;
				CODE_SIGN_IDENTITY = "-";
				COPY_PHASE_STRIP = NO;
				DEBUG_INFORMATION_FORMAT = dwarf;
				ENABLE_STRICT_OBJC_MSGSEND = YES;
				ENABLE_TESTABILITY = YES;
				GCC_C_LANGUAGE_STANDARD = gnu99;
				GCC_DYNAMIC_NO_PIC = NO;
				GCC_NO_COMMON_BLOCKS = YES;
				GCC_OPTIMIZATION_LEVEL = 0;
				GCC_PREPROCESSOR_DEFINITIONS = (
					"DEBUG=1",
					"$(inherited)",
				);
				GCC_WARN_64_TO_32_BIT_CONVERSION = YES;
				GCC_WARN_ABOUT_RETURN_TYPE = YES_ERROR;
				GCC_WARN_UNDECLARED_SELECTOR = YES;
				GCC_WARN_UNINITIALIZED_AUTOS = YES_AGGRESSIVE;
				GCC_WARN_UNUSED_FUNCTION = YES;
				GCC_WARN_UNUSED_VARIABLE = YES;
				MACOSX_DEPLOYMENT_TARGET = 10.12;
				MTL_ENABLE_DEBUG_INFO = YES;
				ONLY_ACTIVE_ARCH = YES;
				SDKROOT = macosx;
			};
			name = Debug;
		};
		AE3F68E31E70A6F000AFB234 /* Release */ = {
			isa = XCBuildConfiguration;
			buildSettings = {
				ALWAYS_SEARCH_USER_PATHS = NO;
				CLANG_ANALYZER_NONNULL = YES;
				CLANG_CXX_LANGUAGE_STANDARD = "gnu++0x";
				CLANG_CXX_LIBRARY = "libc++";
				CLANG_ENABLE_MODULES = YES;
				CLANG_ENABLE_OBJC_ARC = YES;
				CLANG_WARN_BOOL_CONVERSION = YES;
				CLANG_WARN_CONSTANT_CONVERSION = YES;
				CLANG_WARN_DIRECT_OBJC_ISA_USAGE = YES_ERROR;
				CLANG_WARN_DOCUMENTATION_COMMENTS = YES;
				CLANG_WARN_EMPTY_BODY = YES;
				CLANG_WARN_ENUM_CONVERSION = YES;
				CLANG_WARN_INFINITE_RECURSION = YES;
				CLANG_WARN_INT_CONVERSION = YES;
				CLANG_WARN_OBJC_ROOT_CLASS = YES_ERROR;
				CLANG_WARN_SUSPICIOUS_MOVE = YES;
				CLANG_WARN_UNREACHABLE_CODE = YES;
				CLANG_WARN__DUPLICATE_METHOD_MATCH = YES;
				CODE_SIGN_IDENTITY = "-";
				COPY_PHASE_STRIP = NO;
				DEBUG_INFORMATION_FORMAT = "dwarf-with-dsym";
				ENABLE_NS_ASSERTIONS = NO;
				ENABLE_STRICT_OBJC_MSGSEND = YES;
				GCC_C_LANGUAGE_STANDARD = gnu99;
				GCC_NO_COMMON_BLOCKS = YES;
				GCC_WARN_64_TO_32_BIT_CONVERSION = YES;
				GCC_WARN_ABOUT_RETURN_TYPE = YES_ERROR;
				GCC_WARN_UNDECLARED_SELECTOR = YES;
				GCC_WARN_UNINITIALIZED_AUTOS = YES_AGGRESSIVE;
				GCC_WARN_UNUSED_FUNCTION = YES;
				GCC_WARN_UNUSED_VARIABLE = YES;
				MACOSX_DEPLOYMENT_TARGET = 10.12;
				MTL_ENABLE_DEBUG_INFO = NO;
				SDKROOT = macosx;
			};
			name = Release;
		};
		AE3F68E51E70A6F000AFB234 /* Debug */ = {
			isa = XCBuildConfiguration;
			buildSettings = {
				PRODUCT_NAME = "$(TARGET_NAME)";
			};
			name = Debug;
		};
		AE3F68E61E70A6F000AFB234 /* Release */ = {
			isa = XCBuildConfiguration;
			buildSettings = {
				PRODUCT_NAME = "$(TARGET_NAME)";
			};
			name = Release;
		};
/* End XCBuildConfiguration section */

/* Begin XCConfigurationList section */
		AE3F68D81E70A6F000AFB234 /* Build configuration list for PBXProject "Sessió 2" */ = {
			isa = XCConfigurationList;
			buildConfigurations = (
				AE3F68E21E70A6F000AFB234 /* Debug */,
				AE3F68E31E70A6F000AFB234 /* Release */,
			);
			defaultConfigurationIsVisible = 0;
			defaultConfigurationName = Release;
		};
		AE3F68E41E70A6F000AFB234 /* Build configuration list for PBXNativeTarget "Sessió 2" */ = {
			isa = XCConfigurationList;
			buildConfigurations = (
				AE3F68E51E70A6F000AFB234 /* Debug */,
				AE3F68E61E70A6F000AFB234 /* Release */,
			);
			defaultConfigurationIsVisible = 0;
		};
/* End XCConfigurationList section */
	};
	rootObject = AE3F68D51E70A6F000AFB234 /* Project object */;
}
