// !$*UTF8*$!
{
	archiveVersion = 1;
	classes = {
	};
	objectVersion = 46;
	objects = {

/* Begin PBXBuildFile section */
		AE0D80281E84735C007D1191 /* Makefile in Sources */ = {isa = PBXBuildFile; fileRef = AE0D80251E84735C007D1191 /* Makefile */; };
		AE0D80291E84735C007D1191 /* ParInt.cc in Sources */ = {isa = PBXBuildFile; fileRef = AE0D80261E84735C007D1191 /* ParInt.cc */; };
		AE0D802D1E847371007D1191 /* CuaIOParInt.cc in Sources */ = {isa = PBXBuildFile; fileRef = AE0D802A1E847371007D1191 /* CuaIOParInt.cc */; };
		AE0D802E1E847371007D1191 /* program.cc in Sources */ = {isa = PBXBuildFile; fileRef = AE0D802C1E847371007D1191 /* program.cc */; };
/* End PBXBuildFile section */

/* Begin PBXCopyFilesBuildPhase section */
		AE0D80191E847346007D1191 /* CopyFiles */ = {
			isa = PBXCopyFilesBuildPhase;
			buildActionMask = 2147483647;
			dstPath = /usr/share/man/man1/;
			dstSubfolderSpec = 0;
			files = (
			);
			runOnlyForDeploymentPostprocessing = 1;
		};
/* End PBXCopyFilesBuildPhase section */

/* Begin PBXFileReference section */
		AE0D801B1E847346007D1191 /* X13425 */ = {isa = PBXFileReference; explicitFileType = "compiled.mach-o.executable"; includeInIndex = 0; path = X13425; sourceTree = BUILT_PRODUCTS_DIR; };
		AE0D80251E84735C007D1191 /* Makefile */ = {isa = PBXFileReference; fileEncoding = 4; lastKnownFileType = sourcecode.make; path = Makefile; sourceTree = "<group>"; };
		AE0D80261E84735C007D1191 /* ParInt.cc */ = {isa = PBXFileReference; fileEncoding = 4; lastKnownFileType = sourcecode.cpp.cpp; path = ParInt.cc; sourceTree = "<group>"; };
		AE0D80271E84735C007D1191 /* ParInt.hh */ = {isa = PBXFileReference; fileEncoding = 4; lastKnownFileType = sourcecode.cpp.h; path = ParInt.hh; sourceTree = "<group>"; };
		AE0D802A1E847371007D1191 /* CuaIOParInt.cc */ = {isa = PBXFileReference; fileEncoding = 4; lastKnownFileType = sourcecode.cpp.cpp; path = CuaIOParInt.cc; sourceTree = "<group>"; };
		AE0D802B1E847371007D1191 /* CuaIOParInt.hh */ = {isa = PBXFileReference; fileEncoding = 4; lastKnownFileType = sourcecode.cpp.h; path = CuaIOParInt.hh; sourceTree = "<group>"; };
		AE0D802C1E847371007D1191 /* program.cc */ = {isa = PBXFileReference; fileEncoding = 4; lastKnownFileType = sourcecode.cpp.cpp; path = program.cc; sourceTree = "<group>"; };
/* End PBXFileReference section */

/* Begin PBXFrameworksBuildPhase section */
		AE0D80181E847346007D1191 /* Frameworks */ = {
			isa = PBXFrameworksBuildPhase;
			buildActionMask = 2147483647;
			files = (
			);
			runOnlyForDeploymentPostprocessing = 0;
		};
/* End PBXFrameworksBuildPhase section */

/* Begin PBXGroup section */
		AE0D80121E847346007D1191 = {
			isa = PBXGroup;
			children = (
				AE0D801D1E847346007D1191 /* X13425 */,
				AE0D801C1E847346007D1191 /* Products */,
			);
			sourceTree = "<group>";
		};
		AE0D801C1E847346007D1191 /* Products */ = {
			isa = PBXGroup;
			children = (
				AE0D801B1E847346007D1191 /* X13425 */,
			);
			name = Products;
			sourceTree = "<group>";
		};
		AE0D801D1E847346007D1191 /* X13425 */ = {
			isa = PBXGroup;
			children = (
				AE0D802C1E847371007D1191 /* program.cc */,
				AE0D802A1E847371007D1191 /* CuaIOParInt.cc */,
				AE0D802B1E847371007D1191 /* CuaIOParInt.hh */,
				AE0D80251E84735C007D1191 /* Makefile */,
				AE0D80261E84735C007D1191 /* ParInt.cc */,
				AE0D80271E84735C007D1191 /* ParInt.hh */,
			);
			path = X13425;
			sourceTree = "<group>";
		};
/* End PBXGroup section */

/* Begin PBXNativeTarget section */
		AE0D801A1E847346007D1191 /* X13425 */ = {
			isa = PBXNativeTarget;
			buildConfigurationList = AE0D80221E847346007D1191 /* Build configuration list for PBXNativeTarget "X13425" */;
			buildPhases = (
				AE0D80171E847346007D1191 /* Sources */,
				AE0D80181E847346007D1191 /* Frameworks */,
				AE0D80191E847346007D1191 /* CopyFiles */,
			);
			buildRules = (
			);
			dependencies = (
			);
			name = X13425;
			productName = X13425;
			productReference = AE0D801B1E847346007D1191 /* X13425 */;
			productType = "com.apple.product-type.tool";
		};
/* End PBXNativeTarget section */

/* Begin PBXProject section */
		AE0D80131E847346007D1191 /* Project object */ = {
			isa = PBXProject;
			attributes = {
				LastUpgradeCheck = 0820;
				ORGANIZATIONNAME = "Marc Casellas";
				TargetAttributes = {
					AE0D801A1E847346007D1191 = {
						CreatedOnToolsVersion = 8.2.1;
						ProvisioningStyle = Automatic;
					};
				};
			};
			buildConfigurationList = AE0D80161E847346007D1191 /* Build configuration list for PBXProject "X13425" */;
			compatibilityVersion = "Xcode 3.2";
			developmentRegion = English;
			hasScannedForEncodings = 0;
			knownRegions = (
				en,
			);
			mainGroup = AE0D80121E847346007D1191;
			productRefGroup = AE0D801C1E847346007D1191 /* Products */;
			projectDirPath = "";
			projectRoot = "";
			targets = (
				AE0D801A1E847346007D1191 /* X13425 */,
			);
		};
/* End PBXProject section */

/* Begin PBXSourcesBuildPhase section */
		AE0D80171E847346007D1191 /* Sources */ = {
			isa = PBXSourcesBuildPhase;
			buildActionMask = 2147483647;
			files = (
				AE0D80281E84735C007D1191 /* Makefile in Sources */,
				AE0D802D1E847371007D1191 /* CuaIOParInt.cc in Sources */,
				AE0D802E1E847371007D1191 /* program.cc in Sources */,
				AE0D80291E84735C007D1191 /* ParInt.cc in Sources */,
			);
			runOnlyForDeploymentPostprocessing = 0;
		};
/* End PBXSourcesBuildPhase section */

/* Begin XCBuildConfiguration section */
		AE0D80201E847346007D1191 /* Debug */ = {
			isa = XCBuildConfiguration;
			buildSettings = {
				ALWAYS_SEARCH_USER_PATHS = NO;
				CLANG_ANALYZER_NONNULL = YES;
				CLANG_CXX_LANGUAGE_STANDARD = "gnu++0x";
				CLANG_CXX_LIBRARY = "libc++";
				CLANG_ENABLE_MODULES = YES;
				CLANG_ENABLE_OBJC_ARC = YES;
				CLANG_WARN_BOOL_CONVERSION = YES;
				CLANG_WARN_CONSTANT_CONVERSION = YES;
				CLANG_WARN_DIRECT_OBJC_ISA_USAGE = YES_ERROR;
				CLANG_WARN_DOCUMENTATION_COMMENTS = YES;
				CLANG_WARN_EMPTY_BODY = YES;
				CLANG_WARN_ENUM_CONVERSION = YES;
				CLANG_WARN_INFINITE_RECURSION = YES;
				CLANG_WARN_INT_CONVERSION = YES;
				CLANG_WARN_OBJC_ROOT_CLASS = YES_ERROR;
				CLANG_WARN_SUSPICIOUS_MOVE = YES;
				CLANG_WARN_UNREACHABLE_CODE = YES;
				CLANG_WARN__DUPLICATE_METHOD_MATCH = YES;
				CODE_SIGN_IDENTITY = "-";
				COPY_PHASE_STRIP = NO;
				DEBUG_INFORMATION_FORMAT = dwarf;
				ENABLE_STRICT_OBJC_MSGSEND = YES;
				ENABLE_TESTABILITY = YES;
				GCC_C_LANGUAGE_STANDARD = gnu99;
				GCC_DYNAMIC_NO_PIC = NO;
				GCC_NO_COMMON_BLOCKS = YES;
				GCC_OPTIMIZATION_LEVEL = 0;
				GCC_PREPROCESSOR_DEFINITIONS = (
					"DEBUG=1",
					"$(inherited)",
				);
				GCC_WARN_64_TO_32_BIT_CONVERSION = YES;
				GCC_WARN_ABOUT_RETURN_TYPE = YES_ERROR;
				GCC_WARN_UNDECLARED_SELECTOR = YES;
				GCC_WARN_UNINITIALIZED_AUTOS = YES_AGGRESSIVE;
				GCC_WARN_UNUSED_FUNCTION = YES;
				GCC_WARN_UNUSED_VARIABLE = YES;
				MACOSX_DEPLOYMENT_TARGET = 10.12;
				MTL_ENABLE_DEBUG_INFO = YES;
				ONLY_ACTIVE_ARCH = YES;
				SDKROOT = macosx;
			};
			name = Debug;
		};
		AE0D80211E847346007D1191 /* Release */ = {
			isa = XCBuildConfiguration;
			buildSettings = {
				ALWAYS_SEARCH_USER_PATHS = NO;
				CLANG_ANALYZER_NONNULL = YES;
				CLANG_CXX_LANGUAGE_STANDARD = "gnu++0x";
				CLANG_CXX_LIBRARY = "libc++";
				CLANG_ENABLE_MODULES = YES;
				CLANG_ENABLE_OBJC_ARC = YES;
				CLANG_WARN_BOOL_CONVERSION = YES;
				CLANG_WARN_CONSTANT_CONVERSION = YES;
				CLANG_WARN_DIRECT_OBJC_ISA_USAGE = YES_ERROR;
				CLANG_WARN_DOCUMENTATION_COMMENTS = YES;
				CLANG_WARN_EMPTY_BODY = YES;
				CLANG_WARN_ENUM_CONVERSION = YES;
				CLANG_WARN_INFINITE_RECURSION = YES;
				CLANG_WARN_INT_CONVERSION = YES;
				CLANG_WARN_OBJC_ROOT_CLASS = YES_ERROR;
				CLANG_WARN_SUSPICIOUS_MOVE = YES;
				CLANG_WARN_UNREACHABLE_CODE = YES;
				CLANG_WARN__DUPLICATE_METHOD_MATCH = YES;
				CODE_SIGN_IDENTITY = "-";
				COPY_PHASE_STRIP = NO;
				DEBUG_INFORMATION_FORMAT = "dwarf-with-dsym";
				ENABLE_NS_ASSERTIONS = NO;
				ENABLE_STRICT_OBJC_MSGSEND = YES;
				GCC_C_LANGUAGE_STANDARD = gnu99;
				GCC_NO_COMMON_BLOCKS = YES;
				GCC_WARN_64_TO_32_BIT_CONVERSION = YES;
				GCC_WARN_ABOUT_RETURN_TYPE = YES_ERROR;
				GCC_WARN_UNDECLARED_SELECTOR = YES;
				GCC_WARN_UNINITIALIZED_AUTOS = YES_AGGRESSIVE;
				GCC_WARN_UNUSED_FUNCTION = YES;
				GCC_WARN_UNUSED_VARIABLE = YES;
				MACOSX_DEPLOYMENT_TARGET = 10.12;
				MTL_ENABLE_DEBUG_INFO = NO;
				SDKROOT = macosx;
			};
			name = Release;
		};
		AE0D80231E847346007D1191 /* Debug */ = {
			isa = XCBuildConfiguration;
			buildSettings = {
				PRODUCT_NAME = "$(TARGET_NAME)";
			};
			name = Debug;
		};
		AE0D80241E847346007D1191 /* Release */ = {
			isa = XCBuildConfiguration;
			buildSettings = {
				PRODUCT_NAME = "$(TARGET_NAME)";
			};
			name = Release;
		};
/* End XCBuildConfiguration section */

/* Begin XCConfigurationList section */
		AE0D80161E847346007D1191 /* Build configuration list for PBXProject "X13425" */ = {
			isa = XCConfigurationList;
			buildConfigurations = (
				AE0D80201E847346007D1191 /* Debug */,
				AE0D80211E847346007D1191 /* Release */,
			);
			defaultConfigurationIsVisible = 0;
			defaultConfigurationName = Release;
		};
		AE0D80221E847346007D1191 /* Build configuration list for PBXNativeTarget "X13425" */ = {
			isa = XCConfigurationList;
			buildConfigurations = (
				AE0D80231E847346007D1191 /* Debug */,
				AE0D80241E847346007D1191 /* Release */,
			);
			defaultConfigurationIsVisible = 0;
		};
/* End XCConfigurationList section */
	};
	rootObject = AE0D80131E847346007D1191 /* Project object */;
}
